
Microsoft Visual Studio Solution File, Format Version 12.00
# Visual Studio 14
VisualStudioVersion = 14.0.25420.1
MinimumVisualStudioVersion = 10.0.40219.1
Project("{F2A71F9B-5D33-465A-A702-920D77279786}") = "nofun", "src\nofun\nofun.fsproj", "{59CC9010-FEEF-4D55-9A44-E9538F1AB27C}"
EndProject
Project("{F2A71F9B-5D33-465A-A702-920D77279786}") = "nofun-async", "src\nofun-async\nofun-async.fsproj", "{2AD72A35-4C5C-4BF3-9E4E-78506E95650A}"
EndProject
Global
	GlobalSection(SolutionConfigurationPlatforms) = preSolution
		Debug|Any CPU = Debug|Any CPU
		Debug|x64 = Debug|x64
		Debug|x86 = Debug|x86
		Release|Any CPU = Release|Any CPU
		Release|x64 = Release|x64
		Release|x86 = Release|x86
	EndGlobalSection
	GlobalSection(ProjectConfigurationPlatforms) = postSolution
		{59CC9010-FEEF-4D55-9A44-E9538F1AB27C}.Debug|Any CPU.ActiveCfg = Debug|Any CPU
		{59CC9010-FEEF-4D55-9A44-E9538F1AB27C}.Debug|Any CPU.Build.0 = Debug|Any CPU
		{59CC9010-FEEF-4D55-9A44-E9538F1AB27C}.Debug|x64.ActiveCfg = Debug|Any CPU
		{59CC9010-FEEF-4D55-9A44-E9538F1AB27C}.Debug|x64.Build.0 = Debug|Any CPU
		{59CC9010-FEEF-4D55-9A44-E9538F1AB27C}.Debug|x86.ActiveCfg = Debug|Any CPU
		{59CC9010-FEEF-4D55-9A44-E9538F1AB27C}.Debug|x86.Build.0 = Debug|Any CPU
		{59CC9010-FEEF-4D55-9A44-E9538F1AB27C}.Release|Any CPU.ActiveCfg = Release|Any CPU
		{59CC9010-FEEF-4D55-9A44-E9538F1AB27C}.Release|Any CPU.Build.0 = Release|Any CPU
		{59CC9010-FEEF-4D55-9A44-E9538F1AB27C}.Release|x64.ActiveCfg = Release|Any CPU
		{59CC9010-FEEF-4D55-9A44-E9538F1AB27C}.Release|x64.Build.0 = Release|Any CPU
		{59CC9010-FEEF-4D55-9A44-E9538F1AB27C}.Release|x86.ActiveCfg = Release|Any CPU
		{59CC9010-FEEF-4D55-9A44-E9538F1AB27C}.Release|x86.Build.0 = Release|Any CPU
		{2AD72A35-4C5C-4BF3-9E4E-78506E95650A}.Debug|Any CPU.ActiveCfg = Debug|Any CPU
		{2AD72A35-4C5C-4BF3-9E4E-78506E95650A}.Debug|Any CPU.Build.0 = Debug|Any CPU
		{2AD72A35-4C5C-4BF3-9E4E-78506E95650A}.Debug|x64.ActiveCfg = Debug|Any CPU
		{2AD72A35-4C5C-4BF3-9E4E-78506E95650A}.Debug|x64.Build.0 = Debug|Any CPU
		{2AD72A35-4C5C-4BF3-9E4E-78506E95650A}.Debug|x86.ActiveCfg = Debug|Any CPU
		{2AD72A35-4C5C-4BF3-9E4E-78506E95650A}.Debug|x86.Build.0 = Debug|Any CPU
		{2AD72A35-4C5C-4BF3-9E4E-78506E95650A}.Release|Any CPU.ActiveCfg = Release|Any CPU
		{2AD72A35-4C5C-4BF3-9E4E-78506E95650A}.Release|Any CPU.Build.0 = Release|Any CPU
		{2AD72A35-4C5C-4BF3-9E4E-78506E95650A}.Release|x64.ActiveCfg = Release|Any CPU
		{2AD72A35-4C5C-4BF3-9E4E-78506E95650A}.Release|x64.Build.0 = Release|Any CPU
		{2AD72A35-4C5C-4BF3-9E4E-78506E95650A}.Release|x86.ActiveCfg = Release|Any CPU
		{2AD72A35-4C5C-4BF3-9E4E-78506E95650A}.Release|x86.Build.0 = Release|Any CPU
	EndGlobalSection
	GlobalSection(SolutionProperties) = preSolution
		HideSolutionNode = FALSE
	EndGlobalSection
EndGlobal
